dependencies:
- name: postgresql
  repository: https://charts.bitnami.com/bitnami
  version: 9.8.12
- name: keycloak
  repository: https://codecentric.github.io/helm-charts
  version: 9.5.0
digest: sha256:489dc2e71adf60e38b57f4ab0a33e0d0327fc6d2bdfc081591f2acd6c194e4b0
generated: "2020-11-14T14:22:16.099337+03:00"
