dependencies:
- name: postgresql
  repository: https://charts.bitnami.com/bitnami
  version: 9.8.12
- name: keycloak
  repository: https://charts.bitnami.com/bitnami
  version: 0.1.2
digest: sha256:bd514ba74e35f81f014c35dfee0c95518b5f6cbeeb58603d3fa9159f5888e39d
generated: "2020-11-14T11:35:47.7236872+03:00"
